
Microsoft Visual Studio Solution File, Format Version 12.00
# Visual Studio 15
VisualStudioVersion = 15.0.27703.2047
MinimumVisualStudioVersion = 10.0.40219.1
Project("{FAE04EC0-301F-11D3-BF4B-00C04F79EFBC}") = "ConsoleRun", "HackerRank\ConsoleRun.csproj", "{C1747CA4-F231-422A-A5EB-9FB2A8FC4C44}"
EndProject
Project("{FAE04EC0-301F-11D3-BF4B-00C04F79EFBC}") = "HackerRank", "CodeSolutions\HackerRank.csproj", "{2385A088-0A6A-40E8-92E7-2EBB9539E891}"
EndProject
Project("{FAE04EC0-301F-11D3-BF4B-00C04F79EFBC}") = "CodeLeet", "CodeLeet\CodeLeet.csproj", "{BCF5672B-1891-4FEE-B8B1-44CDF5EC7A11}"
EndProject
Project("{FAE04EC0-301F-11D3-BF4B-00C04F79EFBC}") = "AlgoLearning", "AlgoLearning\AlgoLearning.csproj", "{55DF09DE-BEBF-4742-995A-A155E040BAF8}"
EndProject
Global
	GlobalSection(SolutionConfigurationPlatforms) = preSolution
		Debug|Any CPU = Debug|Any CPU
		Release|Any CPU = Release|Any CPU
	EndGlobalSection
	GlobalSection(ProjectConfigurationPlatforms) = postSolution
		{C1747CA4-F231-422A-A5EB-9FB2A8FC4C44}.Debug|Any CPU.ActiveCfg = Debug|Any CPU
		{C1747CA4-F231-422A-A5EB-9FB2A8FC4C44}.Debug|Any CPU.Build.0 = Debug|Any CPU
		{C1747CA4-F231-422A-A5EB-9FB2A8FC4C44}.Release|Any CPU.ActiveCfg = Release|Any CPU
		{C1747CA4-F231-422A-A5EB-9FB2A8FC4C44}.Release|Any CPU.Build.0 = Release|Any CPU
		{2385A088-0A6A-40E8-92E7-2EBB9539E891}.Debug|Any CPU.ActiveCfg = Debug|Any CPU
		{2385A088-0A6A-40E8-92E7-2EBB9539E891}.Debug|Any CPU.Build.0 = Debug|Any CPU
		{2385A088-0A6A-40E8-92E7-2EBB9539E891}.Release|Any CPU.ActiveCfg = Release|Any CPU
		{2385A088-0A6A-40E8-92E7-2EBB9539E891}.Release|Any CPU.Build.0 = Release|Any CPU
		{BCF5672B-1891-4FEE-B8B1-44CDF5EC7A11}.Debug|Any CPU.ActiveCfg = Debug|Any CPU
		{BCF5672B-1891-4FEE-B8B1-44CDF5EC7A11}.Debug|Any CPU.Build.0 = Debug|Any CPU
		{BCF5672B-1891-4FEE-B8B1-44CDF5EC7A11}.Release|Any CPU.ActiveCfg = Release|Any CPU
		{BCF5672B-1891-4FEE-B8B1-44CDF5EC7A11}.Release|Any CPU.Build.0 = Release|Any CPU
		{55DF09DE-BEBF-4742-995A-A155E040BAF8}.Debug|Any CPU.ActiveCfg = Debug|Any CPU
		{55DF09DE-BEBF-4742-995A-A155E040BAF8}.Debug|Any CPU.Build.0 = Debug|Any CPU
		{55DF09DE-BEBF-4742-995A-A155E040BAF8}.Release|Any CPU.ActiveCfg = Release|Any CPU
		{55DF09DE-BEBF-4742-995A-A155E040BAF8}.Release|Any CPU.Build.0 = Release|Any CPU
	EndGlobalSection
	GlobalSection(SolutionProperties) = preSolution
		HideSolutionNode = FALSE
	EndGlobalSection
	GlobalSection(ExtensibilityGlobals) = postSolution
		SolutionGuid = {65BE7E8F-2130-485C-9723-3C6B8C414DA4}
	EndGlobalSection
EndGlobal
